// !$*UTF8*$!
{
	archiveVersion = 1;
	classes = {
	};
	objectVersion = 46;
	objects = {

/* Begin PBXBuildFile section */
		440A8C7319B4CAF600FC3C6B /* TwitterModel.swift in Sources */ = {isa = PBXBuildFile; fileRef = 440A8C7219B4CAF600FC3C6B /* TwitterModel.swift */; };
		440A8C7519B4CC7500FC3C6B /* TwitterEntry.swift in Sources */ = {isa = PBXBuildFile; fileRef = 440A8C7419B4CC7500FC3C6B /* TwitterEntry.swift */; };
		440A8C7719B4F2BB00FC3C6B /* TweetCell.swift in Sources */ = {isa = PBXBuildFile; fileRef = 440A8C7619B4F2BB00FC3C6B /* TweetCell.swift */; };
		44D79E8719AD34D000922297 /* AppDelegate.swift in Sources */ = {isa = PBXBuildFile; fileRef = 44D79E8619AD34D000922297 /* AppDelegate.swift */; };
		44D79E8919AD34D000922297 /* ViewController.swift in Sources */ = {isa = PBXBuildFile; fileRef = 44D79E8819AD34D000922297 /* ViewController.swift */; };
		44D79E8C19AD34D000922297 /* Main.storyboard in Resources */ = {isa = PBXBuildFile; fileRef = 44D79E8A19AD34D000922297 /* Main.storyboard */; };
		44D79E8E19AD34D000922297 /* Images.xcassets in Resources */ = {isa = PBXBuildFile; fileRef = 44D79E8D19AD34D000922297 /* Images.xcassets */; };
		44D79E9A19AD34D000922297 /* SMTwitterClientTests.swift in Sources */ = {isa = PBXBuildFile; fileRef = 44D79E9919AD34D000922297 /* SMTwitterClientTests.swift */; };
/* End PBXBuildFile section */

/* Begin PBXContainerItemProxy section */
		44D79E9419AD34D000922297 /* PBXContainerItemProxy */ = {
			isa = PBXContainerItemProxy;
			containerPortal = 44D79E7919AD34D000922297 /* Project object */;
			proxyType = 1;
			remoteGlobalIDString = 44D79E8019AD34D000922297;
			remoteInfo = SMTwitterClient;
		};
/* End PBXContainerItemProxy section */

/* Begin PBXFileReference section */
		440A8C7219B4CAF600FC3C6B /* TwitterModel.swift */ = {isa = PBXFileReference; fileEncoding = 4; lastKnownFileType = sourcecode.swift; path = TwitterModel.swift; sourceTree = "<group>"; };
		440A8C7419B4CC7500FC3C6B /* TwitterEntry.swift */ = {isa = PBXFileReference; fileEncoding = 4; lastKnownFileType = sourcecode.swift; path = TwitterEntry.swift; sourceTree = "<group>"; };
		440A8C7619B4F2BB00FC3C6B /* TweetCell.swift */ = {isa = PBXFileReference; fileEncoding = 4; lastKnownFileType = sourcecode.swift; path = TweetCell.swift; sourceTree = "<group>"; };
		44D79E8119AD34D000922297 /* SMTwitterClient.app */ = {isa = PBXFileReference; explicitFileType = wrapper.application; includeInIndex = 0; path = SMTwitterClient.app; sourceTree = BUILT_PRODUCTS_DIR; };
		44D79E8519AD34D000922297 /* Info.plist */ = {isa = PBXFileReference; lastKnownFileType = text.plist.xml; path = Info.plist; sourceTree = "<group>"; };
		44D79E8619AD34D000922297 /* AppDelegate.swift */ = {isa = PBXFileReference; lastKnownFileType = sourcecode.swift; path = AppDelegate.swift; sourceTree = "<group>"; };
		44D79E8819AD34D000922297 /* ViewController.swift */ = {isa = PBXFileReference; lastKnownFileType = sourcecode.swift; path = ViewController.swift; sourceTree = "<group>"; };
		44D79E8B19AD34D000922297 /* Base */ = {isa = PBXFileReference; lastKnownFileType = file.storyboard; name = Base; path = Base.lproj/Main.storyboard; sourceTree = "<group>"; };
		44D79E8D19AD34D000922297 /* Images.xcassets */ = {isa = PBXFileReference; lastKnownFileType = folder.assetcatalog; path = Images.xcassets; sourceTree = "<group>"; };
		44D79E9319AD34D000922297 /* SMTwitterClientTests.xctest */ = {isa = PBXFileReference; explicitFileType = wrapper.cfbundle; includeInIndex = 0; path = SMTwitterClientTests.xctest; sourceTree = BUILT_PRODUCTS_DIR; };
		44D79E9819AD34D000922297 /* Info.plist */ = {isa = PBXFileReference; lastKnownFileType = text.plist.xml; path = Info.plist; sourceTree = "<group>"; };
		44D79E9919AD34D000922297 /* SMTwitterClientTests.swift */ = {isa = PBXFileReference; lastKnownFileType = sourcecode.swift; path = SMTwitterClientTests.swift; sourceTree = "<group>"; };
/* End PBXFileReference section */

/* Begin PBXFrameworksBuildPhase section */
		44D79E7E19AD34D000922297 /* Frameworks */ = {
			isa = PBXFrameworksBuildPhase;
			buildActionMask = 2147483647;
			files = (
			);
			runOnlyForDeploymentPostprocessing = 0;
		};
		44D79E9019AD34D000922297 /* Frameworks */ = {
			isa = PBXFrameworksBuildPhase;
			buildActionMask = 2147483647;
			files = (
			);
			runOnlyForDeploymentPostprocessing = 0;
		};
/* End PBXFrameworksBuildPhase section */

/* Begin PBXGroup section */
		44D79E7819AD34D000922297 = {
			isa = PBXGroup;
			children = (
				44D79E8319AD34D000922297 /* SMTwitterClient */,
				44D79E9619AD34D000922297 /* SMTwitterClientTests */,
				44D79E8219AD34D000922297 /* Products */,
			);
			sourceTree = "<group>";
		};
		44D79E8219AD34D000922297 /* Products */ = {
			isa = PBXGroup;
			children = (
				44D79E8119AD34D000922297 /* SMTwitterClient.app */,
				44D79E9319AD34D000922297 /* SMTwitterClientTests.xctest */,
			);
			name = Products;
			sourceTree = "<group>";
		};
		44D79E8319AD34D000922297 /* SMTwitterClient */ = {
			isa = PBXGroup;
			children = (
				44D79E8619AD34D000922297 /* AppDelegate.swift */,
				44D79E8819AD34D000922297 /* ViewController.swift */,
				44D79E8A19AD34D000922297 /* Main.storyboard */,
				44D79E8D19AD34D000922297 /* Images.xcassets */,
				44D79E8419AD34D000922297 /* Supporting Files */,
				440A8C7219B4CAF600FC3C6B /* TwitterModel.swift */,
				440A8C7419B4CC7500FC3C6B /* TwitterEntry.swift */,
				440A8C7619B4F2BB00FC3C6B /* TweetCell.swift */,
			);
			path = SMTwitterClient;
			sourceTree = "<group>";
		};
		44D79E8419AD34D000922297 /* Supporting Files */ = {
			isa = PBXGroup;
			children = (
				44D79E8519AD34D000922297 /* Info.plist */,
			);
			name = "Supporting Files";
			sourceTree = "<group>";
		};
		44D79E9619AD34D000922297 /* SMTwitterClientTests */ = {
			isa = PBXGroup;
			children = (
				44D79E9919AD34D000922297 /* SMTwitterClientTests.swift */,
				44D79E9719AD34D000922297 /* Supporting Files */,
			);
			path = SMTwitterClientTests;
			sourceTree = "<group>";
		};
		44D79E9719AD34D000922297 /* Supporting Files */ = {
			isa = PBXGroup;
			children = (
				44D79E9819AD34D000922297 /* Info.plist */,
			);
			name = "Supporting Files";
			sourceTree = "<group>";
		};
/* End PBXGroup section */

/* Begin PBXNativeTarget section */
		44D79E8019AD34D000922297 /* SMTwitterClient */ = {
			isa = PBXNativeTarget;
			buildConfigurationList = 44D79E9D19AD34D000922297 /* Build configuration list for PBXNativeTarget "SMTwitterClient" */;
			buildPhases = (
				44D79E7D19AD34D000922297 /* Sources */,
				44D79E7E19AD34D000922297 /* Frameworks */,
				44D79E7F19AD34D000922297 /* Resources */,
			);
			buildRules = (
			);
			dependencies = (
			);
			name = SMTwitterClient;
			productName = SMTwitterClient;
			productReference = 44D79E8119AD34D000922297 /* SMTwitterClient.app */;
			productType = "com.apple.product-type.application";
		};
		44D79E9219AD34D000922297 /* SMTwitterClientTests */ = {
			isa = PBXNativeTarget;
			buildConfigurationList = 44D79EA019AD34D000922297 /* Build configuration list for PBXNativeTarget "SMTwitterClientTests" */;
			buildPhases = (
				44D79E8F19AD34D000922297 /* Sources */,
				44D79E9019AD34D000922297 /* Frameworks */,
				44D79E9119AD34D000922297 /* Resources */,
			);
			buildRules = (
			);
			dependencies = (
				44D79E9519AD34D000922297 /* PBXTargetDependency */,
			);
			name = SMTwitterClientTests;
			productName = SMTwitterClientTests;
			productReference = 44D79E9319AD34D000922297 /* SMTwitterClientTests.xctest */;
			productType = "com.apple.product-type.bundle.unit-test";
		};
/* End PBXNativeTarget section */

/* Begin PBXProject section */
		44D79E7919AD34D000922297 /* Project object */ = {
			isa = PBXProject;
			attributes = {
				LastUpgradeCheck = 0600;
				ORGANIZATIONNAME = "Source Main LLC";
				TargetAttributes = {
					44D79E8019AD34D000922297 = {
						CreatedOnToolsVersion = 6.0;
					};
					44D79E9219AD34D000922297 = {
						CreatedOnToolsVersion = 6.0;
						TestTargetID = 44D79E8019AD34D000922297;
					};
				};
			};
			buildConfigurationList = 44D79E7C19AD34D000922297 /* Build configuration list for PBXProject "SMTwitterClient" */;
			compatibilityVersion = "Xcode 3.2";
			developmentRegion = English;
			hasScannedForEncodings = 0;
			knownRegions = (
				en,
				Base,
			);
			mainGroup = 44D79E7819AD34D000922297;
			productRefGroup = 44D79E8219AD34D000922297 /* Products */;
			projectDirPath = "";
			projectRoot = "";
			targets = (
				44D79E8019AD34D000922297 /* SMTwitterClient */,
				44D79E9219AD34D000922297 /* SMTwitterClientTests */,
			);
		};
/* End PBXProject section */

/* Begin PBXResourcesBuildPhase section */
		44D79E7F19AD34D000922297 /* Resources */ = {
			isa = PBXResourcesBuildPhase;
			buildActionMask = 2147483647;
			files = (
				44D79E8C19AD34D000922297 /* Main.storyboard in Resources */,
				44D79E8E19AD34D000922297 /* Images.xcassets in Resources */,
			);
			runOnlyForDeploymentPostprocessing = 0;
		};
		44D79E9119AD34D000922297 /* Resources */ = {
			isa = PBXResourcesBuildPhase;
			buildActionMask = 2147483647;
			files = (
			);
			runOnlyForDeploymentPostprocessing = 0;
		};
/* End PBXResourcesBuildPhase section */

/* Begin PBXSourcesBuildPhase section */
		44D79E7D19AD34D000922297 /* Sources */ = {
			isa = PBXSourcesBuildPhase;
			buildActionMask = 2147483647;
			files = (
				440A8C7319B4CAF600FC3C6B /* TwitterModel.swift in Sources */,
				44D79E8919AD34D000922297 /* ViewController.swift in Sources */,
				440A8C7719B4F2BB00FC3C6B /* TweetCell.swift in Sources */,
				440A8C7519B4CC7500FC3C6B /* TwitterEntry.swift in Sources */,
				44D79E8719AD34D000922297 /* AppDelegate.swift in Sources */,
			);
			runOnlyForDeploymentPostprocessing = 0;
		};
		44D79E8F19AD34D000922297 /* Sources */ = {
			isa = PBXSourcesBuildPhase;
			buildActionMask = 2147483647;
			files = (
				44D79E9A19AD34D000922297 /* SMTwitterClientTests.swift in Sources */,
			);
			runOnlyForDeploymentPostprocessing = 0;
		};
/* End PBXSourcesBuildPhase section */

/* Begin PBXTargetDependency section */
		44D79E9519AD34D000922297 /* PBXTargetDependency */ = {
			isa = PBXTargetDependency;
			target = 44D79E8019AD34D000922297 /* SMTwitterClient */;
			targetProxy = 44D79E9419AD34D000922297 /* PBXContainerItemProxy */;
		};
/* End PBXTargetDependency section */

/* Begin PBXVariantGroup section */
		44D79E8A19AD34D000922297 /* Main.storyboard */ = {
			isa = PBXVariantGroup;
			children = (
				44D79E8B19AD34D000922297 /* Base */,
			);
			name = Main.storyboard;
			sourceTree = "<group>";
		};
/* End PBXVariantGroup section */

/* Begin XCBuildConfiguration section */
		44D79E9B19AD34D000922297 /* Debug */ = {
			isa = XCBuildConfiguration;
			buildSettings = {
				ALWAYS_SEARCH_USER_PATHS = NO;
				CLANG_CXX_LANGUAGE_STANDARD = "gnu++0x";
				CLANG_CXX_LIBRARY = "libc++";
				CLANG_ENABLE_MODULES = YES;
				CLANG_ENABLE_OBJC_ARC = YES;
				CLANG_WARN_BOOL_CONVERSION = YES;
				CLANG_WARN_CONSTANT_CONVERSION = YES;
				CLANG_WARN_DIRECT_OBJC_ISA_USAGE = YES_ERROR;
				CLANG_WARN_EMPTY_BODY = YES;
				CLANG_WARN_ENUM_CONVERSION = YES;
				CLANG_WARN_INT_CONVERSION = YES;
				CLANG_WARN_OBJC_ROOT_CLASS = YES_ERROR;
				CLANG_WARN_UNREACHABLE_CODE = YES;
				CLANG_WARN__DUPLICATE_METHOD_MATCH = YES;
				"CODE_SIGN_IDENTITY[sdk=iphoneos*]" = "iPhone Developer";
				COPY_PHASE_STRIP = NO;
				ENABLE_STRICT_OBJC_MSGSEND = YES;
				GCC_C_LANGUAGE_STANDARD = gnu99;
				GCC_DYNAMIC_NO_PIC = NO;
				GCC_OPTIMIZATION_LEVEL = 0;
				GCC_PREPROCESSOR_DEFINITIONS = (
					"DEBUG=1",
					"$(inherited)",
				);
				GCC_SYMBOLS_PRIVATE_EXTERN = NO;
				GCC_WARN_64_TO_32_BIT_CONVERSION = YES;
				GCC_WARN_ABOUT_RETURN_TYPE = YES_ERROR;
				GCC_WARN_UNDECLARED_SELECTOR = YES;
				GCC_WARN_UNINITIALIZED_AUTOS = YES_AGGRESSIVE;
				GCC_WARN_UNUSED_FUNCTION = YES;
				GCC_WARN_UNUSED_VARIABLE = YES;
				IPHONEOS_DEPLOYMENT_TARGET = 8.0;
				MTL_ENABLE_DEBUG_INFO = YES;
				ONLY_ACTIVE_ARCH = YES;
				SDKROOT = iphoneos;
				SWIFT_OPTIMIZATION_LEVEL = "-Onone";
			};
			name = Debug;
		};
		44D79E9C19AD34D000922297 /* Release */ = {
			isa = XCBuildConfiguration;
			buildSettings = {
				ALWAYS_SEARCH_USER_PATHS = NO;
				CLANG_CXX_LANGUAGE_STANDARD = "gnu++0x";
				CLANG_CXX_LIBRARY = "libc++";
				CLANG_ENABLE_MODULES = YES;
				CLANG_ENABLE_OBJC_ARC = YES;
				CLANG_WARN_BOOL_CONVERSION = YES;
				CLANG_WARN_CONSTANT_CONVERSION = YES;
				CLANG_WARN_DIRECT_OBJC_ISA_USAGE = YES_ERROR;
				CLANG_WARN_EMPTY_BODY = YES;
				CLANG_WARN_ENUM_CONVERSION = YES;
				CLANG_WARN_INT_CONVERSION = YES;
				CLANG_WARN_OBJC_ROOT_CLASS = YES_ERROR;
				CLANG_WARN_UNREACHABLE_CODE = YES;
				CLANG_WARN__DUPLICATE_METHOD_MATCH = YES;
				"CODE_SIGN_IDENTITY[sdk=iphoneos*]" = "iPhone Developer";
				COPY_PHASE_STRIP = YES;
				ENABLE_NS_ASSERTIONS = NO;
				ENABLE_STRICT_OBJC_MSGSEND = YES;
				GCC_C_LANGUAGE_STANDARD = gnu99;
				GCC_WARN_64_TO_32_BIT_CONVERSION = YES;
				GCC_WARN_ABOUT_RETURN_TYPE = YES_ERROR;
				GCC_WARN_UNDECLARED_SELECTOR = YES;
				GCC_WARN_UNINITIALIZED_AUTOS = YES_AGGRESSIVE;
				GCC_WARN_UNUSED_FUNCTION = YES;
				GCC_WARN_UNUSED_VARIABLE = YES;
				IPHONEOS_DEPLOYMENT_TARGET = 8.0;
				MTL_ENABLE_DEBUG_INFO = NO;
				SDKROOT = iphoneos;
				VALIDATE_PRODUCT = YES;
			};
			name = Release;
		};
		44D79E9E19AD34D000922297 /* Debug */ = {
			isa = XCBuildConfiguration;
			buildSettings = {
				ASSETCATALOG_COMPILER_APPICON_NAME = AppIcon;
				ASSETCATALOG_COMPILER_LAUNCHIMAGE_NAME = LaunchImage;
				INFOPLIST_FILE = SMTwitterClient/Info.plist;
				LD_RUNPATH_SEARCH_PATHS = "$(inherited) @executable_path/Frameworks";
				PRODUCT_NAME = "$(TARGET_NAME)";
			};
			name = Debug;
		};
		44D79E9F19AD34D000922297 /* Release */ = {
			isa = XCBuildConfiguration;
			buildSettings = {
				ASSETCATALOG_COMPILER_APPICON_NAME = AppIcon;
				ASSETCATALOG_COMPILER_LAUNCHIMAGE_NAME = LaunchImage;
				INFOPLIST_FILE = SMTwitterClient/Info.plist;
				LD_RUNPATH_SEARCH_PATHS = "$(inherited) @executable_path/Frameworks";
				PRODUCT_NAME = "$(TARGET_NAME)";
			};
			name = Release;
		};
		44D79EA119AD34D000922297 /* Debug */ = {
			isa = XCBuildConfiguration;
			buildSettings = {
				BUNDLE_LOADER = "$(TEST_HOST)";
				FRAMEWORK_SEARCH_PATHS = (
					"$(SDKROOT)/Developer/Library/Frameworks",
					"$(inherited)",
				);
				GCC_PREPROCESSOR_DEFINITIONS = (
					"DEBUG=1",
					"$(inherited)",
				);
				INFOPLIST_FILE = SMTwitterClientTests/Info.plist;
				LD_RUNPATH_SEARCH_PATHS = "$(inherited) @executable_path/Frameworks @loader_path/Frameworks";
				PRODUCT_NAME = "$(TARGET_NAME)";
				TEST_HOST = "$(BUILT_PRODUCTS_DIR)/SMTwitterClient.app/SMTwitterClient";
			};
			name = Debug;
		};
		44D79EA219AD34D000922297 /* Release */ = {
			isa = XCBuildConfiguration;
			buildSettings = {
				BUNDLE_LOADER = "$(TEST_HOST)";
				FRAMEWORK_SEARCH_PATHS = (
					"$(SDKROOT)/Developer/Library/Frameworks",
					"$(inherited)",
				);
				INFOPLIST_FILE = SMTwitterClientTests/Info.plist;
				LD_RUNPATH_SEARCH_PATHS = "$(inherited) @executable_path/Frameworks @loader_path/Frameworks";
				PRODUCT_NAME = "$(TARGET_NAME)";
				TEST_HOST = "$(BUILT_PRODUCTS_DIR)/SMTwitterClient.app/SMTwitterClient";
			};
			name = Release;
		};
/* End XCBuildConfiguration section */

/* Begin XCConfigurationList section */
		44D79E7C19AD34D000922297 /* Build configuration list for PBXProject "SMTwitterClient" */ = {
			isa = XCConfigurationList;
			buildConfigurations = (
				44D79E9B19AD34D000922297 /* Debug */,
				44D79E9C19AD34D000922297 /* Release */,
			);
			defaultConfigurationIsVisible = 0;
			defaultConfigurationName = Release;
		};
		44D79E9D19AD34D000922297 /* Build configuration list for PBXNativeTarget "SMTwitterClient" */ = {
			isa = XCConfigurationList;
			buildConfigurations = (
				44D79E9E19AD34D000922297 /* Debug */,
				44D79E9F19AD34D000922297 /* Release */,
			);
			defaultConfigurationIsVisible = 0;
			defaultConfigurationName = Release;
		};
		44D79EA019AD34D000922297 /* Build configuration list for PBXNativeTarget "SMTwitterClientTests" */ = {
			isa = XCConfigurationList;
			buildConfigurations = (
				44D79EA119AD34D000922297 /* Debug */,
				44D79EA219AD34D000922297 /* Release */,
			);
			defaultConfigurationIsVisible = 0;
			defaultConfigurationName = Release;
		};
/* End XCConfigurationList section */
	};
	rootObject = 44D79E7919AD34D000922297 /* Project object */;
}
